<?xml version="1.0" encoding="utf-8"?>
<Project ToolsVersion="4.0" xmlns="http://schemas.microsoft.com/developer/msbuild/2003">
  <ItemGroup>
    <ClCompile Include="src\main.cpp">
      <Filter>src</Filter>
    </ClCompile>
    <ClCompile Include="src\Engine\matrix.cpp">
      <Filter>src\Engine</Filter>
    </ClCompile>
    <ClCompile Include="src\Engine\object.cpp">
      <Filter>src\Engine</Filter>
    </ClCompile>
    <ClCompile Include="src\Engine\point.cpp">
      <Filter>src\Engine</Filter>
    </ClCompile>
    <ClCompile Include="src\Engine\triangle.cpp">
      <Filter>src\Engine</Filter>
    </ClCompile>
    <ClCompile Include="src\glInfo.cpp">
      <Filter>src</Filter>
    </ClCompile>
    <ClCompile Include="src\Timer.cpp">
      <Filter>src</Filter>
    </ClCompile>
  </ItemGroup>
  <ItemGroup>
    <ClInclude Include="src\Sprites\box.h">
      <Filter>headers\Sprites</Filter>
    </ClInclude>
    <ClInclude Include="src\Sprites\floor.h">
      <Filter>headers\Sprites</Filter>
    </ClInclude>
    <ClInclude Include="src\Engine\matrix.h">
      <Filter>headers\Engine</Filter>
    </ClInclude>
    <ClInclude Include="src\Engine\object.h">
      <Filter>headers\Engine</Filter>
    </ClInclude>
    <ClInclude Include="src\Engine\point.h">
      <Filter>headers\Engine</Filter>
    </ClInclude>
    <ClInclude Include="src\Engine\triangle.h">
      <Filter>headers\Engine</Filter>
    </ClInclude>
    <ClInclude Include="src\main.h">
      <Filter>headers</Filter>
    </ClInclude>
    <ClInclude Include="camera.h">
      <Filter>headers\Engine</Filter>
    </ClInclude>
  </ItemGroup>
  <ItemGroup>
    <None Include="shaders\color.frag" />
    <None Include="shaders\color.vert" />
    <None Include="shaders\pixeldirdifambspec.frag" />
    <None Include="shaders\pixeldirdifambspec.vert" />
  </ItemGroup>
  <ItemGroup>
    <Filter Include="src">
      <UniqueIdentifier>{dc0f41ae-d1e2-4845-8a0f-d1e175277086}</UniqueIdentifier>
    </Filter>
    <Filter Include="headers">
      <UniqueIdentifier>{3acb5e66-0f5b-4447-8e91-7fa418f727f5}</UniqueIdentifier>
    </Filter>
    <Filter Include="src\Engine">
      <UniqueIdentifier>{e610f387-9a72-4c28-aa11-1b0115e7a259}</UniqueIdentifier>
    </Filter>
    <Filter Include="headers\Engine">
      <UniqueIdentifier>{09fb05fa-ac66-4b33-b4a4-29e9adabb7c4}</UniqueIdentifier>
    </Filter>
    <Filter Include="headers\Sprites">
      <UniqueIdentifier>{ebc2d286-daf3-443d-9f40-82b9f8f55e06}</UniqueIdentifier>
    </Filter>
  </ItemGroup>
</Project>