<?xml version="1.0" encoding="utf-8"?>
<Project ToolsVersion="4.0" xmlns="http://schemas.microsoft.com/developer/msbuild/2003">
  <ItemGroup>
    <ClCompile Include="src\main.cpp">
      <Filter>src</Filter>
    </ClCompile>
    <ClCompile Include="src\Library\glInfo.cpp">
      <Filter>src\Library</Filter>
    </ClCompile>
    <ClCompile Include="src\Library\Timer.cpp">
      <Filter>src\Library</Filter>
    </ClCompile>
    <ClCompile Include="src\Library\library_funcs.cpp">
      <Filter>src\Library</Filter>
    </ClCompile>
    <ClCompile Include="..\Engine\camera.cpp">
      <Filter>src\Engine</Filter>
    </ClCompile>
    <ClCompile Include="..\Engine\chat.cpp">
      <Filter>src\Engine</Filter>
    </ClCompile>
    <ClCompile Include="..\Engine\matrix.cpp">
      <Filter>src\Engine</Filter>
    </ClCompile>
    <ClCompile Include="..\Engine\object.cpp">
      <Filter>src\Engine</Filter>
    </ClCompile>
    <ClCompile Include="..\Engine\point.cpp">
      <Filter>src\Engine</Filter>
    </ClCompile>
    <ClCompile Include="..\Engine\Polygon.cpp">
      <Filter>src\Engine</Filter>
    </ClCompile>
    <ClCompile Include="..\Engine\Vertex.cpp">
      <Filter>src\Engine</Filter>
    </ClCompile>
    <ClCompile Include="..\Network\Dummy_Event_Handler.cpp">
      <Filter>src\Network</Filter>
    </ClCompile>
    <ClCompile Include="..\Network\helper_funcs.cpp">
      <Filter>src\Network</Filter>
    </ClCompile>
    <ClCompile Include="..\Network\Message.cpp">
      <Filter>src\Network</Filter>
    </ClCompile>
  </ItemGroup>
  <ItemGroup>
    <ClInclude Include="src\Sprites\box.h">
      <Filter>headers\Sprites</Filter>
    </ClInclude>
    <ClInclude Include="src\Sprites\floor.h">
      <Filter>headers\Sprites</Filter>
    </ClInclude>
    <ClInclude Include="src\Sprites\floorsmall.h">
      <Filter>headers\Sprites</Filter>
    </ClInclude>
    <ClInclude Include="src\Sprites\checkerboard.h">
      <Filter>headers\Sprites</Filter>
    </ClInclude>
    <ClInclude Include="src\Sprites\defaulttexture.h">
      <Filter>headers\Sprites</Filter>
    </ClInclude>
    <ClInclude Include="src\Sprites\floorlarge.h">
      <Filter>headers\Sprites</Filter>
    </ClInclude>
    <ClInclude Include="src\Library\library_funcs.h">
      <Filter>headers\Library</Filter>
    </ClInclude>
    <ClInclude Include="src\Library\glext.h">
      <Filter>headers\Library</Filter>
    </ClInclude>
    <ClInclude Include="src\Library\glInfo.h">
      <Filter>headers\Library</Filter>
    </ClInclude>
    <ClInclude Include="src\Library\Timer.h">
      <Filter>headers\Library</Filter>
    </ClInclude>
    <ClInclude Include="..\Engine\camera.h">
      <Filter>headers\Engine</Filter>
    </ClInclude>
    <ClInclude Include="..\Engine\chat.h">
      <Filter>headers\Engine</Filter>
    </ClInclude>
    <ClInclude Include="..\Engine\constants.h">
      <Filter>headers\Engine</Filter>
    </ClInclude>
    <ClInclude Include="..\Engine\matrix.h">
      <Filter>headers\Engine</Filter>
    </ClInclude>
    <ClInclude Include="..\Engine\Object.h">
      <Filter>headers\Engine</Filter>
    </ClInclude>
    <ClInclude Include="..\Engine\Polygon.h">
      <Filter>headers\Engine</Filter>
    </ClInclude>
    <ClInclude Include="..\Engine\Vertex.h">
      <Filter>headers\Engine</Filter>
    </ClInclude>
    <ClInclude Include="..\Engine\point.h">
      <Filter>headers\Engine</Filter>
    </ClInclude>
    <ClInclude Include="..\Engine\main.h">
      <Filter>headers</Filter>
    </ClInclude>
    <ClInclude Include="..\Network\Dummy_Event_Handler.h">
      <Filter>headers\Network</Filter>
    </ClInclude>
    <ClInclude Include="..\Network\helper_funcs.h">
      <Filter>headers\Network</Filter>
    </ClInclude>
    <ClInclude Include="..\Network\Message.h">
      <Filter>headers\Network</Filter>
    </ClInclude>
    <ClInclude Include="..\Network\Player.h">
      <Filter>headers\Network</Filter>
    </ClInclude>
    <ClInclude Include="..\Engine\Textures.h">
      <Filter>headers\Engine</Filter>
    </ClInclude>
  </ItemGroup>
  <ItemGroup>
    <Filter Include="src">
      <UniqueIdentifier>{dc0f41ae-d1e2-4845-8a0f-d1e175277086}</UniqueIdentifier>
    </Filter>
    <Filter Include="headers">
      <UniqueIdentifier>{3acb5e66-0f5b-4447-8e91-7fa418f727f5}</UniqueIdentifier>
    </Filter>
    <Filter Include="src\Engine">
      <UniqueIdentifier>{e610f387-9a72-4c28-aa11-1b0115e7a259}</UniqueIdentifier>
    </Filter>
    <Filter Include="headers\Engine">
      <UniqueIdentifier>{09fb05fa-ac66-4b33-b4a4-29e9adabb7c4}</UniqueIdentifier>
    </Filter>
    <Filter Include="headers\Sprites">
      <UniqueIdentifier>{ebc2d286-daf3-443d-9f40-82b9f8f55e06}</UniqueIdentifier>
    </Filter>
    <Filter Include="headers\Network">
      <UniqueIdentifier>{e4f1bcb1-ed0c-4850-bbd8-6970886aee33}</UniqueIdentifier>
    </Filter>
    <Filter Include="src\Network">
      <UniqueIdentifier>{79eaabac-9f8b-421f-ace5-875b1b71426c}</UniqueIdentifier>
    </Filter>
    <Filter Include="headers\Library">
      <UniqueIdentifier>{b52d75ac-6477-4fd9-bf4d-58e0bf366fbe}</UniqueIdentifier>
    </Filter>
    <Filter Include="src\Library">
      <UniqueIdentifier>{d97f0056-5489-43c4-a523-41417273f24f}</UniqueIdentifier>
    </Filter>
  </ItemGroup>
</Project>