
Microsoft Visual Studio Solution File, Format Version 11.00
# Visual Studio 2010
Project("{8BC9CEB8-8B4A-11D0-8D11-00A0C91BC942}") = "framebufferobject", "framebufferobject\framebufferobject.vcxproj", "{3C781167-E1EC-4CD8-A508-9D419F2EA255}"
EndProject
Global
	GlobalSection(SolutionConfigurationPlatforms) = preSolution
		Debug|Win32 = Debug|Win32
		Release|Win32 = Release|Win32
	EndGlobalSection
	GlobalSection(ProjectConfigurationPlatforms) = postSolution
		{3C781167-E1EC-4CD8-A508-9D419F2EA255}.Debug|Win32.ActiveCfg = Debug|Win32
		{3C781167-E1EC-4CD8-A508-9D419F2EA255}.Debug|Win32.Build.0 = Debug|Win32
		{3C781167-E1EC-4CD8-A508-9D419F2EA255}.Release|Win32.ActiveCfg = Release|Win32
		{3C781167-E1EC-4CD8-A508-9D419F2EA255}.Release|Win32.Build.0 = Release|Win32
	EndGlobalSection
	GlobalSection(SolutionProperties) = preSolution
		HideSolutionNode = FALSE
	EndGlobalSection
EndGlobal
